
Microsoft Visual Studio Solution File, Format Version 12.00
# Visual Studio Version 17
VisualStudioVersion = 17.1.32328.378
MinimumVisualStudioVersion = 10.0.40219.1
Project("{9A19103F-16F7-4668-BE54-9A1E7A4F7556}") = "STPAR", "STPAR\STPAR.csproj", "{48535A44-46A0-467C-A681-AF1DCA3C546E}"
EndProject
Project("{9A19103F-16F7-4668-BE54-9A1E7A4F7556}") = "ONP", "ONP\ONP.csproj", "{358AB631-14A8-44E5-89F2-4C21EC67ED0F}"
EndProject
Project("{9A19103F-16F7-4668-BE54-9A1E7A4F7556}") = "SBANK", "SBANK\SBANK.csproj", "{5D3FF883-F301-42F8-AF63-10157A8BC163}"
EndProject
Project("{9A19103F-16F7-4668-BE54-9A1E7A4F7556}") = "ALIEN", "ALIEN\ALIEN.csproj", "{7AC120AC-418E-458D-A8D9-C6B52D546018}"
EndProject
Project("{9A19103F-16F7-4668-BE54-9A1E7A4F7556}") = "HASHIT", "HASHIT\HASHIT.csproj", "{9CE027EA-6B23-4649-B89B-D5CD65D28AB0}"
EndProject
Project("{9A19103F-16F7-4668-BE54-9A1E7A4F7556}") = "NABILHACKER", "NABILHACKER\NABILHACKER.csproj", "{BA4F43E1-B891-4C71-BAA0-9CFF7A4EF4AF}"
EndProject
Project("{9A19103F-16F7-4668-BE54-9A1E7A4F7556}") = "TBATTLE", "TBATTLE\TBATTLE.csproj", "{2F8C7E8D-2D71-45DB-9669-35C28FB9943B}"
EndProject
Project("{9A19103F-16F7-4668-BE54-9A1E7A4F7556}") = "NPC2014F", "NPC2014F\NPC2014F.csproj", "{3C9A38C2-52DE-4C9A-9278-CA62DBB41E9B}"
EndProject
Project("{9A19103F-16F7-4668-BE54-9A1E7A4F7556}") = "BITMAP", "BITMAP\BITMAP.csproj", "{8E624985-C68F-4306-8641-D0F6DC102A30}"
EndProject
Project("{9A19103F-16F7-4668-BE54-9A1E7A4F7556}") = "SAMER08F", "SAMER08F\SAMER08F.csproj", "{CE0E94F0-D36B-4B38-930A-AB334911E7CE}"
EndProject
Project("{9A19103F-16F7-4668-BE54-9A1E7A4F7556}") = "HEAP", "HEAP\HEAP.csproj", "{E02B79FE-B995-4C30-BD54-89FC3A560258}"
EndProject
Project("{9A19103F-16F7-4668-BE54-9A1E7A4F7556}") = "RKS", "RKS\RKS.csproj", "{2B0A2385-9222-4D7A-B7EE-E0FF34FEE458}"
EndProject
Project("{9A19103F-16F7-4668-BE54-9A1E7A4F7556}") = "SOCNETC", "SOCNETC\SOCNETC.csproj", "{6D274C04-80E4-423D-AF04-3B6D757D3CDB}"
EndProject
Project("{9A19103F-16F7-4668-BE54-9A1E7A4F7556}") = "HOTELS", "HOTELS\HOTELS.csproj", "{B9293FDB-3CC7-46E0-9E76-3A5126F7C943}"
EndProject
Project("{9A19103F-16F7-4668-BE54-9A1E7A4F7556}") = "ETF", "ETF\ETF.csproj", "{27F7A66F-1FFD-4EFB-9658-B99E979E4DFA}"
EndProject
Project("{9A19103F-16F7-4668-BE54-9A1E7A4F7556}") = "CTTC", "CTTC\CTTC.csproj", "{88B2CAB7-9613-4204-A058-AA9E99E531F6}"
EndProject
Project("{FAE04EC0-301F-11D3-BF4B-00C04F79EFBC}") = "TAUT", "TAUT\TAUT.csproj", "{BC2370A1-0AEF-468B-A4C0-9857802A8F85}"
EndProject
Global
	GlobalSection(SolutionConfigurationPlatforms) = preSolution
		Debug|Any CPU = Debug|Any CPU
		Release|Any CPU = Release|Any CPU
	EndGlobalSection
	GlobalSection(ProjectConfigurationPlatforms) = postSolution
		{48535A44-46A0-467C-A681-AF1DCA3C546E}.Debug|Any CPU.ActiveCfg = Debug|Any CPU
		{48535A44-46A0-467C-A681-AF1DCA3C546E}.Debug|Any CPU.Build.0 = Debug|Any CPU
		{48535A44-46A0-467C-A681-AF1DCA3C546E}.Release|Any CPU.ActiveCfg = Release|Any CPU
		{48535A44-46A0-467C-A681-AF1DCA3C546E}.Release|Any CPU.Build.0 = Release|Any CPU
		{358AB631-14A8-44E5-89F2-4C21EC67ED0F}.Debug|Any CPU.ActiveCfg = Debug|Any CPU
		{358AB631-14A8-44E5-89F2-4C21EC67ED0F}.Debug|Any CPU.Build.0 = Debug|Any CPU
		{358AB631-14A8-44E5-89F2-4C21EC67ED0F}.Release|Any CPU.ActiveCfg = Release|Any CPU
		{358AB631-14A8-44E5-89F2-4C21EC67ED0F}.Release|Any CPU.Build.0 = Release|Any CPU
		{5D3FF883-F301-42F8-AF63-10157A8BC163}.Debug|Any CPU.ActiveCfg = Debug|Any CPU
		{5D3FF883-F301-42F8-AF63-10157A8BC163}.Debug|Any CPU.Build.0 = Debug|Any CPU
		{5D3FF883-F301-42F8-AF63-10157A8BC163}.Release|Any CPU.ActiveCfg = Release|Any CPU
		{5D3FF883-F301-42F8-AF63-10157A8BC163}.Release|Any CPU.Build.0 = Release|Any CPU
		{7AC120AC-418E-458D-A8D9-C6B52D546018}.Debug|Any CPU.ActiveCfg = Debug|Any CPU
		{7AC120AC-418E-458D-A8D9-C6B52D546018}.Debug|Any CPU.Build.0 = Debug|Any CPU
		{7AC120AC-418E-458D-A8D9-C6B52D546018}.Release|Any CPU.ActiveCfg = Release|Any CPU
		{7AC120AC-418E-458D-A8D9-C6B52D546018}.Release|Any CPU.Build.0 = Release|Any CPU
		{9CE027EA-6B23-4649-B89B-D5CD65D28AB0}.Debug|Any CPU.ActiveCfg = Debug|Any CPU
		{9CE027EA-6B23-4649-B89B-D5CD65D28AB0}.Debug|Any CPU.Build.0 = Debug|Any CPU
		{9CE027EA-6B23-4649-B89B-D5CD65D28AB0}.Release|Any CPU.ActiveCfg = Release|Any CPU
		{9CE027EA-6B23-4649-B89B-D5CD65D28AB0}.Release|Any CPU.Build.0 = Release|Any CPU
		{BA4F43E1-B891-4C71-BAA0-9CFF7A4EF4AF}.Debug|Any CPU.ActiveCfg = Debug|Any CPU
		{BA4F43E1-B891-4C71-BAA0-9CFF7A4EF4AF}.Debug|Any CPU.Build.0 = Debug|Any CPU
		{BA4F43E1-B891-4C71-BAA0-9CFF7A4EF4AF}.Release|Any CPU.ActiveCfg = Release|Any CPU
		{BA4F43E1-B891-4C71-BAA0-9CFF7A4EF4AF}.Release|Any CPU.Build.0 = Release|Any CPU
		{2F8C7E8D-2D71-45DB-9669-35C28FB9943B}.Debug|Any CPU.ActiveCfg = Debug|Any CPU
		{2F8C7E8D-2D71-45DB-9669-35C28FB9943B}.Debug|Any CPU.Build.0 = Debug|Any CPU
		{2F8C7E8D-2D71-45DB-9669-35C28FB9943B}.Release|Any CPU.ActiveCfg = Release|Any CPU
		{2F8C7E8D-2D71-45DB-9669-35C28FB9943B}.Release|Any CPU.Build.0 = Release|Any CPU
		{3C9A38C2-52DE-4C9A-9278-CA62DBB41E9B}.Debug|Any CPU.ActiveCfg = Debug|Any CPU
		{3C9A38C2-52DE-4C9A-9278-CA62DBB41E9B}.Debug|Any CPU.Build.0 = Debug|Any CPU
		{3C9A38C2-52DE-4C9A-9278-CA62DBB41E9B}.Release|Any CPU.ActiveCfg = Release|Any CPU
		{3C9A38C2-52DE-4C9A-9278-CA62DBB41E9B}.Release|Any CPU.Build.0 = Release|Any CPU
		{8E624985-C68F-4306-8641-D0F6DC102A30}.Debug|Any CPU.ActiveCfg = Debug|Any CPU
		{8E624985-C68F-4306-8641-D0F6DC102A30}.Debug|Any CPU.Build.0 = Debug|Any CPU
		{8E624985-C68F-4306-8641-D0F6DC102A30}.Release|Any CPU.ActiveCfg = Release|Any CPU
		{8E624985-C68F-4306-8641-D0F6DC102A30}.Release|Any CPU.Build.0 = Release|Any CPU
		{CE0E94F0-D36B-4B38-930A-AB334911E7CE}.Debug|Any CPU.ActiveCfg = Debug|Any CPU
		{CE0E94F0-D36B-4B38-930A-AB334911E7CE}.Debug|Any CPU.Build.0 = Debug|Any CPU
		{CE0E94F0-D36B-4B38-930A-AB334911E7CE}.Release|Any CPU.ActiveCfg = Release|Any CPU
		{CE0E94F0-D36B-4B38-930A-AB334911E7CE}.Release|Any CPU.Build.0 = Release|Any CPU
		{E02B79FE-B995-4C30-BD54-89FC3A560258}.Debug|Any CPU.ActiveCfg = Debug|Any CPU
		{E02B79FE-B995-4C30-BD54-89FC3A560258}.Debug|Any CPU.Build.0 = Debug|Any CPU
		{E02B79FE-B995-4C30-BD54-89FC3A560258}.Release|Any CPU.ActiveCfg = Release|Any CPU
		{E02B79FE-B995-4C30-BD54-89FC3A560258}.Release|Any CPU.Build.0 = Release|Any CPU
		{2B0A2385-9222-4D7A-B7EE-E0FF34FEE458}.Debug|Any CPU.ActiveCfg = Debug|Any CPU
		{2B0A2385-9222-4D7A-B7EE-E0FF34FEE458}.Debug|Any CPU.Build.0 = Debug|Any CPU
		{2B0A2385-9222-4D7A-B7EE-E0FF34FEE458}.Release|Any CPU.ActiveCfg = Release|Any CPU
		{2B0A2385-9222-4D7A-B7EE-E0FF34FEE458}.Release|Any CPU.Build.0 = Release|Any CPU
		{6D274C04-80E4-423D-AF04-3B6D757D3CDB}.Debug|Any CPU.ActiveCfg = Debug|Any CPU
		{6D274C04-80E4-423D-AF04-3B6D757D3CDB}.Debug|Any CPU.Build.0 = Debug|Any CPU
		{6D274C04-80E4-423D-AF04-3B6D757D3CDB}.Release|Any CPU.ActiveCfg = Release|Any CPU
		{6D274C04-80E4-423D-AF04-3B6D757D3CDB}.Release|Any CPU.Build.0 = Release|Any CPU
		{B9293FDB-3CC7-46E0-9E76-3A5126F7C943}.Debug|Any CPU.ActiveCfg = Debug|Any CPU
		{B9293FDB-3CC7-46E0-9E76-3A5126F7C943}.Debug|Any CPU.Build.0 = Debug|Any CPU
		{B9293FDB-3CC7-46E0-9E76-3A5126F7C943}.Release|Any CPU.ActiveCfg = Release|Any CPU
		{B9293FDB-3CC7-46E0-9E76-3A5126F7C943}.Release|Any CPU.Build.0 = Release|Any CPU
		{27F7A66F-1FFD-4EFB-9658-B99E979E4DFA}.Debug|Any CPU.ActiveCfg = Debug|Any CPU
		{27F7A66F-1FFD-4EFB-9658-B99E979E4DFA}.Debug|Any CPU.Build.0 = Debug|Any CPU
		{27F7A66F-1FFD-4EFB-9658-B99E979E4DFA}.Release|Any CPU.ActiveCfg = Release|Any CPU
		{27F7A66F-1FFD-4EFB-9658-B99E979E4DFA}.Release|Any CPU.Build.0 = Release|Any CPU
		{88B2CAB7-9613-4204-A058-AA9E99E531F6}.Debug|Any CPU.ActiveCfg = Debug|Any CPU
		{88B2CAB7-9613-4204-A058-AA9E99E531F6}.Debug|Any CPU.Build.0 = Debug|Any CPU
		{88B2CAB7-9613-4204-A058-AA9E99E531F6}.Release|Any CPU.ActiveCfg = Release|Any CPU
		{88B2CAB7-9613-4204-A058-AA9E99E531F6}.Release|Any CPU.Build.0 = Release|Any CPU
		{BC2370A1-0AEF-468B-A4C0-9857802A8F85}.Debug|Any CPU.ActiveCfg = Debug|Any CPU
		{BC2370A1-0AEF-468B-A4C0-9857802A8F85}.Debug|Any CPU.Build.0 = Debug|Any CPU
		{BC2370A1-0AEF-468B-A4C0-9857802A8F85}.Release|Any CPU.ActiveCfg = Release|Any CPU
		{BC2370A1-0AEF-468B-A4C0-9857802A8F85}.Release|Any CPU.Build.0 = Release|Any CPU
	EndGlobalSection
	GlobalSection(SolutionProperties) = preSolution
		HideSolutionNode = FALSE
	EndGlobalSection
	GlobalSection(ExtensibilityGlobals) = postSolution
		SolutionGuid = {3D52B446-13DB-47C9-836E-97E0AF238322}
	EndGlobalSection
EndGlobal
