
Microsoft Visual Studio Solution File, Format Version 12.00
# Visual Studio Version 17
VisualStudioVersion = 17.1.32328.378
MinimumVisualStudioVersion = 10.0.40219.1
Project("{FAE04EC0-301F-11D3-BF4B-00C04F79EFBC}") = "STPAR", "STPAR\STPAR.csproj", "{48535A44-46A0-467C-A681-AF1DCA3C546E}"
EndProject
Project("{FAE04EC0-301F-11D3-BF4B-00C04F79EFBC}") = "ONP", "ONP\ONP.csproj", "{358AB631-14A8-44E5-89F2-4C21EC67ED0F}"
EndProject
Global
	GlobalSection(SolutionConfigurationPlatforms) = preSolution
		Debug|Any CPU = Debug|Any CPU
		Release|Any CPU = Release|Any CPU
	EndGlobalSection
	GlobalSection(ProjectConfigurationPlatforms) = postSolution
		{48535A44-46A0-467C-A681-AF1DCA3C546E}.Debug|Any CPU.ActiveCfg = Debug|Any CPU
		{48535A44-46A0-467C-A681-AF1DCA3C546E}.Debug|Any CPU.Build.0 = Debug|Any CPU
		{48535A44-46A0-467C-A681-AF1DCA3C546E}.Release|Any CPU.ActiveCfg = Release|Any CPU
		{48535A44-46A0-467C-A681-AF1DCA3C546E}.Release|Any CPU.Build.0 = Release|Any CPU
		{358AB631-14A8-44E5-89F2-4C21EC67ED0F}.Debug|Any CPU.ActiveCfg = Debug|Any CPU
		{358AB631-14A8-44E5-89F2-4C21EC67ED0F}.Debug|Any CPU.Build.0 = Debug|Any CPU
		{358AB631-14A8-44E5-89F2-4C21EC67ED0F}.Release|Any CPU.ActiveCfg = Release|Any CPU
		{358AB631-14A8-44E5-89F2-4C21EC67ED0F}.Release|Any CPU.Build.0 = Release|Any CPU
	EndGlobalSection
	GlobalSection(SolutionProperties) = preSolution
		HideSolutionNode = FALSE
	EndGlobalSection
	GlobalSection(ExtensibilityGlobals) = postSolution
		SolutionGuid = {3D52B446-13DB-47C9-836E-97E0AF238322}
	EndGlobalSection
EndGlobal
